<<<<<<< HEAD
﻿
Microsoft Visual Studio Solution File, Format Version 11.00
# Visual Studio 2010
Project("{FAE04EC0-301F-11D3-BF4B-00C04F79EFBC}") = "test_network", "Assembly-CSharp.csproj", "{8E983506-E0A4-050C-C3F1-70D06346600E}"
EndProject
Global
	GlobalSection(SolutionConfigurationPlatforms) = preSolution
		Debug|Any CPU = Debug|Any CPU
		Release|Any CPU = Release|Any CPU
	EndGlobalSection
	GlobalSection(ProjectConfigurationPlatforms) = postSolution
		{8E983506-E0A4-050C-C3F1-70D06346600E}.Debug|Any CPU.ActiveCfg = Debug|Any CPU
		{8E983506-E0A4-050C-C3F1-70D06346600E}.Debug|Any CPU.Build.0 = Debug|Any CPU
		{8E983506-E0A4-050C-C3F1-70D06346600E}.Release|Any CPU.ActiveCfg = Release|Any CPU
		{8E983506-E0A4-050C-C3F1-70D06346600E}.Release|Any CPU.Build.0 = Release|Any CPU
	EndGlobalSection
	GlobalSection(SolutionProperties) = preSolution
		HideSolutionNode = FALSE
	EndGlobalSection
	GlobalSection(MonoDevelopProperties) = preSolution
		StartupItem = Assembly-CSharp.csproj
	EndGlobalSection
EndGlobal
=======
﻿
Microsoft Visual Studio Solution File, Format Version 11.00
# Visual Studio 2010
Project("{FAE04EC0-301F-11D3-BF4B-00C04F79EFBC}") = "test_network", "Assembly-CSharp.csproj", "{8E983506-E0A4-050C-C3F1-70D06346600E}"
EndProject
Global
	GlobalSection(SolutionConfigurationPlatforms) = preSolution
		Debug|Any CPU = Debug|Any CPU
		Release|Any CPU = Release|Any CPU
	EndGlobalSection
	GlobalSection(ProjectConfigurationPlatforms) = postSolution
		{8E983506-E0A4-050C-C3F1-70D06346600E}.Debug|Any CPU.ActiveCfg = Debug|Any CPU
		{8E983506-E0A4-050C-C3F1-70D06346600E}.Debug|Any CPU.Build.0 = Debug|Any CPU
		{8E983506-E0A4-050C-C3F1-70D06346600E}.Release|Any CPU.ActiveCfg = Release|Any CPU
		{8E983506-E0A4-050C-C3F1-70D06346600E}.Release|Any CPU.Build.0 = Release|Any CPU
	EndGlobalSection
	GlobalSection(SolutionProperties) = preSolution
		HideSolutionNode = FALSE
	EndGlobalSection
	GlobalSection(MonoDevelopProperties) = preSolution
		StartupItem = Assembly-CSharp.csproj
	EndGlobalSection
EndGlobal
>>>>>>> 0fdbadba0a3d72e5b885fddbfe7df26a06f43d66
